
Microsoft Visual Studio Solution File, Format Version 12.00
# Visual Studio Version 17
VisualStudioVersion = 17.6.33829.357
MinimumVisualStudioVersion = 10.0.40219.1
Project("{FAE04EC0-301F-11D3-BF4B-00C04F79EFBC}") = "DisplayDate", "DisplayDate\DisplayDate.csproj", "{8F011F9A-1B2E-4D06-A97E-BCDAF3888987}"
EndProject
Global
	GlobalSection(SolutionConfigurationPlatforms) = preSolution
		Debug|Any CPU = Debug|Any CPU
		Release|Any CPU = Release|Any CPU
	EndGlobalSection
	GlobalSection(ProjectConfigurationPlatforms) = postSolution
		{8F011F9A-1B2E-4D06-A97E-BCDAF3888987}.Debug|Any CPU.ActiveCfg = Debug|Any CPU
		{8F011F9A-1B2E-4D06-A97E-BCDAF3888987}.Debug|Any CPU.Build.0 = Debug|Any CPU
		{8F011F9A-1B2E-4D06-A97E-BCDAF3888987}.Release|Any CPU.ActiveCfg = Release|Any CPU
		{8F011F9A-1B2E-4D06-A97E-BCDAF3888987}.Release|Any CPU.Build.0 = Release|Any CPU
	EndGlobalSection
	GlobalSection(SolutionProperties) = preSolution
		HideSolutionNode = FALSE
	EndGlobalSection
	GlobalSection(ExtensibilityGlobals) = postSolution
		SolutionGuid = {D83AE059-4583-46F9-96A0-F3FD2B1F471E}
	EndGlobalSection
EndGlobal
